
Microsoft Visual Studio Solution File, Format Version 12.00
# Visual Studio Version 16
VisualStudioVersion = 16.0.30621.155
MinimumVisualStudioVersion = 10.0.40219.1
Project("{FAE04EC0-301F-11D3-BF4B-00C04F79EFBC}") = "vidly", "vidly\vidly.csproj", "{3D0F4E18-6936-41CE-AE85-458A070C2C30}"
EndProject
Global
	GlobalSection(SolutionConfigurationPlatforms) = preSolution
		Debug|Any CPU = Debug|Any CPU
		Release|Any CPU = Release|Any CPU
	EndGlobalSection
	GlobalSection(ProjectConfigurationPlatforms) = postSolution
		{3D0F4E18-6936-41CE-AE85-458A070C2C30}.Debug|Any CPU.ActiveCfg = Debug|Any CPU
		{3D0F4E18-6936-41CE-AE85-458A070C2C30}.Debug|Any CPU.Build.0 = Debug|Any CPU
		{3D0F4E18-6936-41CE-AE85-458A070C2C30}.Release|Any CPU.ActiveCfg = Release|Any CPU
		{3D0F4E18-6936-41CE-AE85-458A070C2C30}.Release|Any CPU.Build.0 = Release|Any CPU
	EndGlobalSection
	GlobalSection(SolutionProperties) = preSolution
		HideSolutionNode = FALSE
	EndGlobalSection
	GlobalSection(ExtensibilityGlobals) = postSolution
		SolutionGuid = {A20EC494-8F34-44EB-8A01-2733664B86D6}
	EndGlobalSection
EndGlobal
